github.com/google/go-cmp v0.5.8 h1:e6P7q2lk1O+qJJb4BtCQXlK8vWEO8V1ZeuEdJNOqZyg=
github.com/google/go-cmp v0.5.8/go.mod h1:17dUlkBOakJ0+DkrSSNjCkIjxS6bF9zb3elmeNGIjoY=
github.com/google/uuid v1.6.0 h1:NIvaJDMOsjHA8n1jAhLSgzrAzy1Hgr+hNrb57e+94F0=
github.com/google/uuid v1.6.0/go.mod h1:TIyPZe4MgqvfeYDBFedMoGGpEw/LqOeaOT+nhxU+yHo=
github.com/mark3labs/mcp-go v0.8.5 h1:s5oRwQfs83Jim3ZAcQMyUQNHzCEVIuGD12GV8vhJqqc=
github.com/mark3labs/mcp-go v0.8.5/go.mod h1:cjMlBU0cv/cj9kjlgmRhoJ5JREdS7YX83xeIG9Ko/jE=
github.com/tailscale/hujson v0.0.0-20250226034555-ec1d1c113d33 h1:idh63uw+gsG05HwjZsAENCG4KZfyvjK03bpjxa5qRRk=
github.com/tailscale/hujson v0.0.0-20250226034555-ec1d1c113d33/go.mod h1:EbW0wDK/qEUYI0A5bqq0C2kF8JTQwWONmGDBbzsxxHo=
